
Microsoft Visual Studio Solution File, Format Version 12.00
# Visual Studio 15
VisualStudioVersion = 15.0.27428.1
MinimumVisualStudioVersion = 10.0.40219.1
Project("{FAE04EC0-301F-11D3-BF4B-00C04F79EFBC}") = "Emulator", "Emulator.csproj", "{8C1C3297-0941-4C5C-A336-4CCDCB9F5B51}"
EndProject
Global
	GlobalSection(SolutionConfigurationPlatforms) = preSolution
		Debug|Any CPU = Debug|Any CPU
		Release|Any CPU = Release|Any CPU
	EndGlobalSection
	GlobalSection(ProjectConfigurationPlatforms) = postSolution
		{8C1C3297-0941-4C5C-A336-4CCDCB9F5B51}.Debug|Any CPU.ActiveCfg = Debug|Any CPU
		{8C1C3297-0941-4C5C-A336-4CCDCB9F5B51}.Debug|Any CPU.Build.0 = Debug|Any CPU
		{8C1C3297-0941-4C5C-A336-4CCDCB9F5B51}.Release|Any CPU.ActiveCfg = Release|Any CPU
		{8C1C3297-0941-4C5C-A336-4CCDCB9F5B51}.Release|Any CPU.Build.0 = Release|Any CPU
	EndGlobalSection
	GlobalSection(SolutionProperties) = preSolution
		HideSolutionNode = FALSE
	EndGlobalSection
	GlobalSection(ExtensibilityGlobals) = postSolution
		SolutionGuid = {C3C1087B-DF01-472A-9724-D60A0FEB44CB}
	EndGlobalSection
EndGlobal
